
Microsoft Visual Studio Solution File, Format Version 12.00
# Visual Studio Version 17
VisualStudioVersion = 17.9.34723.18
MinimumVisualStudioVersion = 10.0.40219.1
Project("{2150E333-8FDC-42A3-9474-1A3956D46DE8}") = "src", "src", "{FE0DF55A-F0C2-44DA-A05D-28FB000563A7}"
EndProject
Project("{FAE04EC0-301F-11D3-BF4B-00C04F79EFBC}") = "PS.Produc.API", "src\PS.Produc.API\PS.Produc.API.csproj", "{8FA2065F-9F20-41A7-9283-EDAB7902DA0A}"
EndProject
Global
	GlobalSection(SolutionConfigurationPlatforms) = preSolution
		Debug|Any CPU = Debug|Any CPU
		Release|Any CPU = Release|Any CPU
	EndGlobalSection
	GlobalSection(ProjectConfigurationPlatforms) = postSolution
		{8FA2065F-9F20-41A7-9283-EDAB7902DA0A}.Debug|Any CPU.ActiveCfg = Debug|Any CPU
		{8FA2065F-9F20-41A7-9283-EDAB7902DA0A}.Debug|Any CPU.Build.0 = Debug|Any CPU
		{8FA2065F-9F20-41A7-9283-EDAB7902DA0A}.Release|Any CPU.ActiveCfg = Release|Any CPU
		{8FA2065F-9F20-41A7-9283-EDAB7902DA0A}.Release|Any CPU.Build.0 = Release|Any CPU
	EndGlobalSection
	GlobalSection(SolutionProperties) = preSolution
		HideSolutionNode = FALSE
	EndGlobalSection
	GlobalSection(NestedProjects) = preSolution
		{8FA2065F-9F20-41A7-9283-EDAB7902DA0A} = {FE0DF55A-F0C2-44DA-A05D-28FB000563A7}
	EndGlobalSection
	GlobalSection(ExtensibilityGlobals) = postSolution
		SolutionGuid = {842FD97B-03B4-410E-BAB0-96807F89F5D7}
	EndGlobalSection
EndGlobal
